
Microsoft Visual Studio Solution File, Format Version 12.00
# Visual Studio Version 16
VisualStudioVersion = 16.0.31005.135
MinimumVisualStudioVersion = 10.0.40219.1
Project("{39E2626F-3545-4960-A6E8-258AD8476CE5}") = "BasicAndroidLibrary", "BasicAndroidLibrary\BasicAndroidLibrary.androidproj", "{B1F89960-6AE4-4962-AB2B-02B5698683CB}"
EndProject
Project("{FAE04EC0-301F-11D3-BF4B-00C04F79EFBC}") = "BindingsLibrary", "BindingsLibrary\BindingsLibrary.csproj", "{7E1700FD-5489-4A7A-83AA-C41C5F296868}"
EndProject
Global
	GlobalSection(SolutionConfigurationPlatforms) = preSolution
		Debug|Any CPU = Debug|Any CPU
		Debug|ARM = Debug|ARM
		Debug|ARM64 = Debug|ARM64
		Debug|x64 = Debug|x64
		Debug|x86 = Debug|x86
		Release|Any CPU = Release|Any CPU
		Release|ARM = Release|ARM
		Release|ARM64 = Release|ARM64
		Release|x64 = Release|x64
		Release|x86 = Release|x86
	EndGlobalSection
	GlobalSection(ProjectConfigurationPlatforms) = postSolution
		{B1F89960-6AE4-4962-AB2B-02B5698683CB}.Debug|Any CPU.ActiveCfg = Debug|x86
		{B1F89960-6AE4-4962-AB2B-02B5698683CB}.Debug|ARM.ActiveCfg = Debug|ARM
		{B1F89960-6AE4-4962-AB2B-02B5698683CB}.Debug|ARM.Build.0 = Debug|ARM
		{B1F89960-6AE4-4962-AB2B-02B5698683CB}.Debug|ARM64.ActiveCfg = Debug|ARM64
		{B1F89960-6AE4-4962-AB2B-02B5698683CB}.Debug|ARM64.Build.0 = Debug|ARM64
		{B1F89960-6AE4-4962-AB2B-02B5698683CB}.Debug|x64.ActiveCfg = Debug|x64
		{B1F89960-6AE4-4962-AB2B-02B5698683CB}.Debug|x64.Build.0 = Debug|x64
		{B1F89960-6AE4-4962-AB2B-02B5698683CB}.Debug|x86.ActiveCfg = Debug|x86
		{B1F89960-6AE4-4962-AB2B-02B5698683CB}.Debug|x86.Build.0 = Debug|x86
		{B1F89960-6AE4-4962-AB2B-02B5698683CB}.Release|Any CPU.ActiveCfg = Release|x86
		{B1F89960-6AE4-4962-AB2B-02B5698683CB}.Release|ARM.ActiveCfg = Release|ARM
		{B1F89960-6AE4-4962-AB2B-02B5698683CB}.Release|ARM.Build.0 = Release|ARM
		{B1F89960-6AE4-4962-AB2B-02B5698683CB}.Release|ARM64.ActiveCfg = Release|ARM64
		{B1F89960-6AE4-4962-AB2B-02B5698683CB}.Release|ARM64.Build.0 = Release|ARM64
		{B1F89960-6AE4-4962-AB2B-02B5698683CB}.Release|x64.ActiveCfg = Release|x64
		{B1F89960-6AE4-4962-AB2B-02B5698683CB}.Release|x64.Build.0 = Release|x64
		{B1F89960-6AE4-4962-AB2B-02B5698683CB}.Release|x86.ActiveCfg = Release|x86
		{B1F89960-6AE4-4962-AB2B-02B5698683CB}.Release|x86.Build.0 = Release|x86
		{7E1700FD-5489-4A7A-83AA-C41C5F296868}.Debug|Any CPU.ActiveCfg = Debug|Any CPU
		{7E1700FD-5489-4A7A-83AA-C41C5F296868}.Debug|Any CPU.Build.0 = Debug|Any CPU
		{7E1700FD-5489-4A7A-83AA-C41C5F296868}.Debug|ARM.ActiveCfg = Debug|Any CPU
		{7E1700FD-5489-4A7A-83AA-C41C5F296868}.Debug|ARM.Build.0 = Debug|Any CPU
		{7E1700FD-5489-4A7A-83AA-C41C5F296868}.Debug|ARM64.ActiveCfg = Debug|Any CPU
		{7E1700FD-5489-4A7A-83AA-C41C5F296868}.Debug|ARM64.Build.0 = Debug|Any CPU
		{7E1700FD-5489-4A7A-83AA-C41C5F296868}.Debug|x64.ActiveCfg = Debug|Any CPU
		{7E1700FD-5489-4A7A-83AA-C41C5F296868}.Debug|x64.Build.0 = Debug|Any CPU
		{7E1700FD-5489-4A7A-83AA-C41C5F296868}.Debug|x86.ActiveCfg = Debug|Any CPU
		{7E1700FD-5489-4A7A-83AA-C41C5F296868}.Debug|x86.Build.0 = Debug|Any CPU
		{7E1700FD-5489-4A7A-83AA-C41C5F296868}.Release|Any CPU.ActiveCfg = Release|Any CPU
		{7E1700FD-5489-4A7A-83AA-C41C5F296868}.Release|Any CPU.Build.0 = Release|Any CPU
		{7E1700FD-5489-4A7A-83AA-C41C5F296868}.Release|ARM.ActiveCfg = Release|Any CPU
		{7E1700FD-5489-4A7A-83AA-C41C5F296868}.Release|ARM.Build.0 = Release|Any CPU
		{7E1700FD-5489-4A7A-83AA-C41C5F296868}.Release|ARM64.ActiveCfg = Release|Any CPU
		{7E1700FD-5489-4A7A-83AA-C41C5F296868}.Release|ARM64.Build.0 = Release|Any CPU
		{7E1700FD-5489-4A7A-83AA-C41C5F296868}.Release|x64.ActiveCfg = Release|Any CPU
		{7E1700FD-5489-4A7A-83AA-C41C5F296868}.Release|x64.Build.0 = Release|Any CPU
		{7E1700FD-5489-4A7A-83AA-C41C5F296868}.Release|x86.ActiveCfg = Release|Any CPU
		{7E1700FD-5489-4A7A-83AA-C41C5F296868}.Release|x86.Build.0 = Release|Any CPU
	EndGlobalSection
	GlobalSection(SolutionProperties) = preSolution
		HideSolutionNode = FALSE
	EndGlobalSection
	GlobalSection(ExtensibilityGlobals) = postSolution
		SolutionGuid = {1E664BEE-81B2-4239-8C4A-BF74A9FBA2CF}
	EndGlobalSection
EndGlobal
